// !$*UTF8*$!
{
	archiveVersion = 1;
	classes = {
	};
	objectVersion = 56;
	objects = {

/* Begin PBXBuildFile section */
		EB0688172BBADD3B004C1C1E /* Main.storyboard in Resources */ = {isa = PBXBuildFile; fileRef = EB0688152BBADD3B004C1C1E /* Main.storyboard */; };
		EB3095032BB01AD200EE7893 /* AppDelegate.swift in Sources */ = {isa = PBXBuildFile; fileRef = EB3095022BB01AD200EE7893 /* AppDelegate.swift */; };
		EB3095052BB01AD200EE7893 /* SceneDelegate.swift in Sources */ = {isa = PBXBuildFile; fileRef = EB3095042BB01AD200EE7893 /* SceneDelegate.swift */; };
		EB3095072BB01AD200EE7893 /* ViewController.swift in Sources */ = {isa = PBXBuildFile; fileRef = EB3095062BB01AD200EE7893 /* ViewController.swift */; };
		EB30950A2BB01AD200EE7893 /* Main.storyboard in Resources */ = {isa = PBXBuildFile; fileRef = EB3095082BB01AD200EE7893 /* Main.storyboard */; };
		EB30950C2BB01AD300EE7893 /* Assets.xcassets in Resources */ = {isa = PBXBuildFile; fileRef = EB30950B2BB01AD300EE7893 /* Assets.xcassets */; };
		EB30950F2BB01AD300EE7893 /* LaunchScreen.storyboard in Resources */ = {isa = PBXBuildFile; fileRef = EB30950D2BB01AD300EE7893 /* LaunchScreen.storyboard */; };
		EB30951A2BB01AD300EE7893 /* DictionaryAppTests.swift in Sources */ = {isa = PBXBuildFile; fileRef = EB3095192BB01AD300EE7893 /* DictionaryAppTests.swift */; };
		EB3095242BB01AD300EE7893 /* DictionaryAppUITests.swift in Sources */ = {isa = PBXBuildFile; fileRef = EB3095232BB01AD300EE7893 /* DictionaryAppUITests.swift */; };
		EB3095262BB01AD300EE7893 /* DictionaryAppUITestsLaunchTests.swift in Sources */ = {isa = PBXBuildFile; fileRef = EB3095252BB01AD300EE7893 /* DictionaryAppUITestsLaunchTests.swift */; };
/* End PBXBuildFile section */

/* Begin PBXContainerItemProxy section */
		EB3095162BB01AD300EE7893 /* PBXContainerItemProxy */ = {
			isa = PBXContainerItemProxy;
			containerPortal = EB3094F72BB01AD100EE7893 /* Project object */;
			proxyType = 1;
			remoteGlobalIDString = EB3094FE2BB01AD200EE7893;
			remoteInfo = DictionaryApp;
		};
		EB3095202BB01AD300EE7893 /* PBXContainerItemProxy */ = {
			isa = PBXContainerItemProxy;
			containerPortal = EB3094F72BB01AD100EE7893 /* Project object */;
			proxyType = 1;
			remoteGlobalIDString = EB3094FE2BB01AD200EE7893;
			remoteInfo = DictionaryApp;
		};
/* End PBXContainerItemProxy section */

/* Begin PBXFileReference section */
		EB0688162BBADD3B004C1C1E /* Base */ = {isa = PBXFileReference; lastKnownFileType = file.storyboard; name = Base; path = DictionaryApp/Base.lproj/Main.storyboard; sourceTree = "<group>"; };
		EB3094FF2BB01AD200EE7893 /* DictionaryApp.app */ = {isa = PBXFileReference; explicitFileType = wrapper.application; includeInIndex = 0; path = DictionaryApp.app; sourceTree = BUILT_PRODUCTS_DIR; };
		EB3095022BB01AD200EE7893 /* AppDelegate.swift */ = {isa = PBXFileReference; lastKnownFileType = sourcecode.swift; path = AppDelegate.swift; sourceTree = "<group>"; };
		EB3095042BB01AD200EE7893 /* SceneDelegate.swift */ = {isa = PBXFileReference; lastKnownFileType = sourcecode.swift; path = SceneDelegate.swift; sourceTree = "<group>"; };
		EB3095062BB01AD200EE7893 /* ViewController.swift */ = {isa = PBXFileReference; lastKnownFileType = sourcecode.swift; path = ViewController.swift; sourceTree = "<group>"; };
		EB3095092BB01AD200EE7893 /* Base */ = {isa = PBXFileReference; lastKnownFileType = file.storyboard; name = Base; path = Base.lproj/Main.storyboard; sourceTree = "<group>"; };
		EB30950B2BB01AD300EE7893 /* Assets.xcassets */ = {isa = PBXFileReference; lastKnownFileType = folder.assetcatalog; path = Assets.xcassets; sourceTree = "<group>"; };
		EB30950E2BB01AD300EE7893 /* Base */ = {isa = PBXFileReference; lastKnownFileType = file.storyboard; name = Base; path = Base.lproj/LaunchScreen.storyboard; sourceTree = "<group>"; };
		EB3095102BB01AD300EE7893 /* Info.plist */ = {isa = PBXFileReference; lastKnownFileType = text.plist.xml; path = Info.plist; sourceTree = "<group>"; };
		EB3095152BB01AD300EE7893 /* DictionaryAppTests.xctest */ = {isa = PBXFileReference; explicitFileType = wrapper.cfbundle; includeInIndex = 0; path = DictionaryAppTests.xctest; sourceTree = BUILT_PRODUCTS_DIR; };
		EB3095192BB01AD300EE7893 /* DictionaryAppTests.swift */ = {isa = PBXFileReference; lastKnownFileType = sourcecode.swift; path = DictionaryAppTests.swift; sourceTree = "<group>"; };
		EB30951F2BB01AD300EE7893 /* DictionaryAppUITests.xctest */ = {isa = PBXFileReference; explicitFileType = wrapper.cfbundle; includeInIndex = 0; path = DictionaryAppUITests.xctest; sourceTree = BUILT_PRODUCTS_DIR; };
		EB3095232BB01AD300EE7893 /* DictionaryAppUITests.swift */ = {isa = PBXFileReference; lastKnownFileType = sourcecode.swift; path = DictionaryAppUITests.swift; sourceTree = "<group>"; };
		EB3095252BB01AD300EE7893 /* DictionaryAppUITestsLaunchTests.swift */ = {isa = PBXFileReference; lastKnownFileType = sourcecode.swift; path = DictionaryAppUITestsLaunchTests.swift; sourceTree = "<group>"; };
/* End PBXFileReference section */

/* Begin PBXFrameworksBuildPhase section */
		EB3094FC2BB01AD200EE7893 /* Frameworks */ = {
			isa = PBXFrameworksBuildPhase;
			buildActionMask = 2147483647;
			files = (
			);
			runOnlyForDeploymentPostprocessing = 0;
		};
		EB3095122BB01AD300EE7893 /* Frameworks */ = {
			isa = PBXFrameworksBuildPhase;
			buildActionMask = 2147483647;
			files = (
			);
			runOnlyForDeploymentPostprocessing = 0;
		};
		EB30951C2BB01AD300EE7893 /* Frameworks */ = {
			isa = PBXFrameworksBuildPhase;
			buildActionMask = 2147483647;
			files = (
			);
			runOnlyForDeploymentPostprocessing = 0;
		};
/* End PBXFrameworksBuildPhase section */

/* Begin PBXGroup section */
		EB3094F62BB01AD100EE7893 = {
			isa = PBXGroup;
			children = (
				EB0688152BBADD3B004C1C1E /* Main.storyboard */,
				EB3095012BB01AD200EE7893 /* DictionaryApp */,
				EB3095182BB01AD300EE7893 /* DictionaryAppTests */,
				EB3095222BB01AD300EE7893 /* DictionaryAppUITests */,
				EB3095002BB01AD200EE7893 /* Products */,
			);
			sourceTree = "<group>";
		};
		EB3095002BB01AD200EE7893 /* Products */ = {
			isa = PBXGroup;
			children = (
				EB3094FF2BB01AD200EE7893 /* DictionaryApp.app */,
				EB3095152BB01AD300EE7893 /* DictionaryAppTests.xctest */,
				EB30951F2BB01AD300EE7893 /* DictionaryAppUITests.xctest */,
			);
			name = Products;
			sourceTree = "<group>";
		};
		EB3095012BB01AD200EE7893 /* DictionaryApp */ = {
			isa = PBXGroup;
			children = (
				EB3095022BB01AD200EE7893 /* AppDelegate.swift */,
				EB3095042BB01AD200EE7893 /* SceneDelegate.swift */,
				EB3095062BB01AD200EE7893 /* ViewController.swift */,
				EB3095082BB01AD200EE7893 /* Main.storyboard */,
				EB30950B2BB01AD300EE7893 /* Assets.xcassets */,
				EB30950D2BB01AD300EE7893 /* LaunchScreen.storyboard */,
				EB3095102BB01AD300EE7893 /* Info.plist */,
			);
			path = DictionaryApp;
			sourceTree = "<group>";
		};
		EB3095182BB01AD300EE7893 /* DictionaryAppTests */ = {
			isa = PBXGroup;
			children = (
				EB3095192BB01AD300EE7893 /* DictionaryAppTests.swift */,
			);
			path = DictionaryAppTests;
			sourceTree = "<group>";
		};
		EB3095222BB01AD300EE7893 /* DictionaryAppUITests */ = {
			isa = PBXGroup;
			children = (
				EB3095232BB01AD300EE7893 /* DictionaryAppUITests.swift */,
				EB3095252BB01AD300EE7893 /* DictionaryAppUITestsLaunchTests.swift */,
			);
			path = DictionaryAppUITests;
			sourceTree = "<group>";
		};
/* End PBXGroup section */

/* Begin PBXNativeTarget section */
		EB3094FE2BB01AD200EE7893 /* DictionaryApp */ = {
			isa = PBXNativeTarget;
			buildConfigurationList = EB3095292BB01AD300EE7893 /* Build configuration list for PBXNativeTarget "DictionaryApp" */;
			buildPhases = (
				EB3094FB2BB01AD200EE7893 /* Sources */,
				EB3094FC2BB01AD200EE7893 /* Frameworks */,
				EB3094FD2BB01AD200EE7893 /* Resources */,
			);
			buildRules = (
			);
			dependencies = (
			);
			name = DictionaryApp;
			productName = DictionaryApp;
			productReference = EB3094FF2BB01AD200EE7893 /* DictionaryApp.app */;
			productType = "com.apple.product-type.application";
		};
		EB3095142BB01AD300EE7893 /* DictionaryAppTests */ = {
			isa = PBXNativeTarget;
			buildConfigurationList = EB30952C2BB01AD300EE7893 /* Build configuration list for PBXNativeTarget "DictionaryAppTests" */;
			buildPhases = (
				EB3095112BB01AD300EE7893 /* Sources */,
				EB3095122BB01AD300EE7893 /* Frameworks */,
				EB3095132BB01AD300EE7893 /* Resources */,
			);
			buildRules = (
			);
			dependencies = (
				EB3095172BB01AD300EE7893 /* PBXTargetDependency */,
			);
			name = DictionaryAppTests;
			productName = DictionaryAppTests;
			productReference = EB3095152BB01AD300EE7893 /* DictionaryAppTests.xctest */;
			productType = "com.apple.product-type.bundle.unit-test";
		};
		EB30951E2BB01AD300EE7893 /* DictionaryAppUITests */ = {
			isa = PBXNativeTarget;
			buildConfigurationList = EB30952F2BB01AD300EE7893 /* Build configuration list for PBXNativeTarget "DictionaryAppUITests" */;
			buildPhases = (
				EB30951B2BB01AD300EE7893 /* Sources */,
				EB30951C2BB01AD300EE7893 /* Frameworks */,
				EB30951D2BB01AD300EE7893 /* Resources */,
			);
			buildRules = (
			);
			dependencies = (
				EB3095212BB01AD300EE7893 /* PBXTargetDependency */,
			);
			name = DictionaryAppUITests;
			productName = DictionaryAppUITests;
			productReference = EB30951F2BB01AD300EE7893 /* DictionaryAppUITests.xctest */;
			productType = "com.apple.product-type.bundle.ui-testing";
		};
/* End PBXNativeTarget section */

/* Begin PBXProject section */
		EB3094F72BB01AD100EE7893 /* Project object */ = {
			isa = PBXProject;
			attributes = {
				BuildIndependentTargetsInParallel = 1;
				LastSwiftUpdateCheck = 1500;
				LastUpgradeCheck = 1500;
				TargetAttributes = {
					EB3094FE2BB01AD200EE7893 = {
						CreatedOnToolsVersion = 15.0.1;
					};
					EB3095142BB01AD300EE7893 = {
						CreatedOnToolsVersion = 15.0.1;
						TestTargetID = EB3094FE2BB01AD200EE7893;
					};
					EB30951E2BB01AD300EE7893 = {
						CreatedOnToolsVersion = 15.0.1;
						TestTargetID = EB3094FE2BB01AD200EE7893;
					};
				};
			};
			buildConfigurationList = EB3094FA2BB01AD200EE7893 /* Build configuration list for PBXProject "DictionaryApp" */;
			compatibilityVersion = "Xcode 14.0";
			developmentRegion = en;
			hasScannedForEncodings = 0;
			knownRegions = (
				en,
				Base,
			);
			mainGroup = EB3094F62BB01AD100EE7893;
			productRefGroup = EB3095002BB01AD200EE7893 /* Products */;
			projectDirPath = "";
			projectRoot = "";
			targets = (
				EB3094FE2BB01AD200EE7893 /* DictionaryApp */,
				EB3095142BB01AD300EE7893 /* DictionaryAppTests */,
				EB30951E2BB01AD300EE7893 /* DictionaryAppUITests */,
			);
		};
/* End PBXProject section */

/* Begin PBXResourcesBuildPhase section */
		EB3094FD2BB01AD200EE7893 /* Resources */ = {
			isa = PBXResourcesBuildPhase;
			buildActionMask = 2147483647;
			files = (
				EB30950F2BB01AD300EE7893 /* LaunchScreen.storyboard in Resources */,
				EB30950C2BB01AD300EE7893 /* Assets.xcassets in Resources */,
				EB30950A2BB01AD200EE7893 /* Main.storyboard in Resources */,
				EB0688172BBADD3B004C1C1E /* Main.storyboard in Resources */,
			);
			runOnlyForDeploymentPostprocessing = 0;
		};
		EB3095132BB01AD300EE7893 /* Resources */ = {
			isa = PBXResourcesBuildPhase;
			buildActionMask = 2147483647;
			files = (
			);
			runOnlyForDeploymentPostprocessing = 0;
		};
		EB30951D2BB01AD300EE7893 /* Resources */ = {
			isa = PBXResourcesBuildPhase;
			buildActionMask = 2147483647;
			files = (
			);
			runOnlyForDeploymentPostprocessing = 0;
		};
/* End PBXResourcesBuildPhase section */

/* Begin PBXSourcesBuildPhase section */
		EB3094FB2BB01AD200EE7893 /* Sources */ = {
			isa = PBXSourcesBuildPhase;
			buildActionMask = 2147483647;
			files = (
				EB3095072BB01AD200EE7893 /* ViewController.swift in Sources */,
				EB3095032BB01AD200EE7893 /* AppDelegate.swift in Sources */,
				EB3095052BB01AD200EE7893 /* SceneDelegate.swift in Sources */,
			);
			runOnlyForDeploymentPostprocessing = 0;
		};
		EB3095112BB01AD300EE7893 /* Sources */ = {
			isa = PBXSourcesBuildPhase;
			buildActionMask = 2147483647;
			files = (
				EB30951A2BB01AD300EE7893 /* DictionaryAppTests.swift in Sources */,
			);
			runOnlyForDeploymentPostprocessing = 0;
		};
		EB30951B2BB01AD300EE7893 /* Sources */ = {
			isa = PBXSourcesBuildPhase;
			buildActionMask = 2147483647;
			files = (
				EB3095262BB01AD300EE7893 /* DictionaryAppUITestsLaunchTests.swift in Sources */,
				EB3095242BB01AD300EE7893 /* DictionaryAppUITests.swift in Sources */,
			);
			runOnlyForDeploymentPostprocessing = 0;
		};
/* End PBXSourcesBuildPhase section */

/* Begin PBXTargetDependency section */
		EB3095172BB01AD300EE7893 /* PBXTargetDependency */ = {
			isa = PBXTargetDependency;
			target = EB3094FE2BB01AD200EE7893 /* DictionaryApp */;
			targetProxy = EB3095162BB01AD300EE7893 /* PBXContainerItemProxy */;
		};
		EB3095212BB01AD300EE7893 /* PBXTargetDependency */ = {
			isa = PBXTargetDependency;
			target = EB3094FE2BB01AD200EE7893 /* DictionaryApp */;
			targetProxy = EB3095202BB01AD300EE7893 /* PBXContainerItemProxy */;
		};
/* End PBXTargetDependency section */

/* Begin PBXVariantGroup section */
		EB0688152BBADD3B004C1C1E /* Main.storyboard */ = {
			isa = PBXVariantGroup;
			children = (
				EB0688162BBADD3B004C1C1E /* Base */,
			);
			name = Main.storyboard;
			sourceTree = "<group>";
		};
		EB3095082BB01AD200EE7893 /* Main.storyboard */ = {
			isa = PBXVariantGroup;
			children = (
				EB3095092BB01AD200EE7893 /* Base */,
			);
			name = Main.storyboard;
			sourceTree = "<group>";
		};
		EB30950D2BB01AD300EE7893 /* LaunchScreen.storyboard */ = {
			isa = PBXVariantGroup;
			children = (
				EB30950E2BB01AD300EE7893 /* Base */,
			);
			name = LaunchScreen.storyboard;
			sourceTree = "<group>";
		};
/* End PBXVariantGroup section */

/* Begin XCBuildConfiguration section */
		EB3095272BB01AD300EE7893 /* Debug */ = {
			isa = XCBuildConfiguration;
			buildSettings = {
				ALWAYS_SEARCH_USER_PATHS = NO;
				ASSETCATALOG_COMPILER_GENERATE_SWIFT_ASSET_SYMBOL_EXTENSIONS = YES;
				CLANG_ANALYZER_NONNULL = YES;
				CLANG_ANALYZER_NUMBER_OBJECT_CONVERSION = YES_AGGRESSIVE;
				CLANG_CXX_LANGUAGE_STANDARD = "gnu++20";
				CLANG_ENABLE_MODULES = YES;
				CLANG_ENABLE_OBJC_ARC = YES;
				CLANG_ENABLE_OBJC_WEAK = YES;
				CLANG_WARN_BLOCK_CAPTURE_AUTORELEASING = YES;
				CLANG_WARN_BOOL_CONVERSION = YES;
				CLANG_WARN_COMMA = YES;
				CLANG_WARN_CONSTANT_CONVERSION = YES;
				CLANG_WARN_DEPRECATED_OBJC_IMPLEMENTATIONS = YES;
				CLANG_WARN_DIRECT_OBJC_ISA_USAGE = YES_ERROR;
				CLANG_WARN_DOCUMENTATION_COMMENTS = YES;
				CLANG_WARN_EMPTY_BODY = YES;
				CLANG_WARN_ENUM_CONVERSION = YES;
				CLANG_WARN_INFINITE_RECURSION = YES;
				CLANG_WARN_INT_CONVERSION = YES;
				CLANG_WARN_NON_LITERAL_NULL_CONVERSION = YES;
				CLANG_WARN_OBJC_IMPLICIT_RETAIN_SELF = YES;
				CLANG_WARN_OBJC_LITERAL_CONVERSION = YES;
				CLANG_WARN_OBJC_ROOT_CLASS = YES_ERROR;
				CLANG_WARN_QUOTED_INCLUDE_IN_FRAMEWORK_HEADER = YES;
				CLANG_WARN_RANGE_LOOP_ANALYSIS = YES;
				CLANG_WARN_STRICT_PROTOTYPES = YES;
				CLANG_WARN_SUSPICIOUS_MOVE = YES;
				CLANG_WARN_UNGUARDED_AVAILABILITY = YES_AGGRESSIVE;
				CLANG_WARN_UNREACHABLE_CODE = YES;
				CLANG_WARN__DUPLICATE_METHOD_MATCH = YES;
				COPY_PHASE_STRIP = NO;
				DEBUG_INFORMATION_FORMAT = dwarf;
				ENABLE_STRICT_OBJC_MSGSEND = YES;
				ENABLE_TESTABILITY = YES;
				ENABLE_USER_SCRIPT_SANDBOXING = YES;
				GCC_C_LANGUAGE_STANDARD = gnu17;
				GCC_DYNAMIC_NO_PIC = NO;
				GCC_NO_COMMON_BLOCKS = YES;
				GCC_OPTIMIZATION_LEVEL = 0;
				GCC_PREPROCESSOR_DEFINITIONS = (
					"DEBUG=1",
					"$(inherited)",
				);
				GCC_WARN_64_TO_32_BIT_CONVERSION = YES;
				GCC_WARN_ABOUT_RETURN_TYPE = YES_ERROR;
				GCC_WARN_UNDECLARED_SELECTOR = YES;
				GCC_WARN_UNINITIALIZED_AUTOS = YES_AGGRESSIVE;
				GCC_WARN_UNUSED_FUNCTION = YES;
				GCC_WARN_UNUSED_VARIABLE = YES;
				IPHONEOS_DEPLOYMENT_TARGET = 17.0;
				LOCALIZATION_PREFERS_STRING_CATALOGS = YES;
				MTL_ENABLE_DEBUG_INFO = INCLUDE_SOURCE;
				MTL_FAST_MATH = YES;
				ONLY_ACTIVE_ARCH = YES;
				SDKROOT = iphoneos;
				SWIFT_ACTIVE_COMPILATION_CONDITIONS = "DEBUG $(inherited)";
				SWIFT_OPTIMIZATION_LEVEL = "-Onone";
			};
			name = Debug;
		};
		EB3095282BB01AD300EE7893 /* Release */ = {
			isa = XCBuildConfiguration;
			buildSettings = {
				ALWAYS_SEARCH_USER_PATHS = NO;
				ASSETCATALOG_COMPILER_GENERATE_SWIFT_ASSET_SYMBOL_EXTENSIONS = YES;
				CLANG_ANALYZER_NONNULL = YES;
				CLANG_ANALYZER_NUMBER_OBJECT_CONVERSION = YES_AGGRESSIVE;
				CLANG_CXX_LANGUAGE_STANDARD = "gnu++20";
				CLANG_ENABLE_MODULES = YES;
				CLANG_ENABLE_OBJC_ARC = YES;
				CLANG_ENABLE_OBJC_WEAK = YES;
				CLANG_WARN_BLOCK_CAPTURE_AUTORELEASING = YES;
				CLANG_WARN_BOOL_CONVERSION = YES;
				CLANG_WARN_COMMA = YES;
				CLANG_WARN_CONSTANT_CONVERSION = YES;
				CLANG_WARN_DEPRECATED_OBJC_IMPLEMENTATIONS = YES;
				CLANG_WARN_DIRECT_OBJC_ISA_USAGE = YES_ERROR;
				CLANG_WARN_DOCUMENTATION_COMMENTS = YES;
				CLANG_WARN_EMPTY_BODY = YES;
				CLANG_WARN_ENUM_CONVERSION = YES;
				CLANG_WARN_INFINITE_RECURSION = YES;
				CLANG_WARN_INT_CONVERSION = YES;
				CLANG_WARN_NON_LITERAL_NULL_CONVERSION = YES;
				CLANG_WARN_OBJC_IMPLICIT_RETAIN_SELF = YES;
				CLANG_WARN_OBJC_LITERAL_CONVERSION = YES;
				CLANG_WARN_OBJC_ROOT_CLASS = YES_ERROR;
				CLANG_WARN_QUOTED_INCLUDE_IN_FRAMEWORK_HEADER = YES;
				CLANG_WARN_RANGE_LOOP_ANALYSIS = YES;
				CLANG_WARN_STRICT_PROTOTYPES = YES;
				CLANG_WARN_SUSPICIOUS_MOVE = YES;
				CLANG_WARN_UNGUARDED_AVAILABILITY = YES_AGGRESSIVE;
				CLANG_WARN_UNREACHABLE_CODE = YES;
				CLANG_WARN__DUPLICATE_METHOD_MATCH = YES;
				COPY_PHASE_STRIP = NO;
				DEBUG_INFORMATION_FORMAT = "dwarf-with-dsym";
				ENABLE_NS_ASSERTIONS = NO;
				ENABLE_STRICT_OBJC_MSGSEND = YES;
				ENABLE_USER_SCRIPT_SANDBOXING = YES;
				GCC_C_LANGUAGE_STANDARD = gnu17;
				GCC_NO_COMMON_BLOCKS = YES;
				GCC_WARN_64_TO_32_BIT_CONVERSION = YES;
				GCC_WARN_ABOUT_RETURN_TYPE = YES_ERROR;
				GCC_WARN_UNDECLARED_SELECTOR = YES;
				GCC_WARN_UNINITIALIZED_AUTOS = YES_AGGRESSIVE;
				GCC_WARN_UNUSED_FUNCTION = YES;
				GCC_WARN_UNUSED_VARIABLE = YES;
				IPHONEOS_DEPLOYMENT_TARGET = 17.0;
				LOCALIZATION_PREFERS_STRING_CATALOGS = YES;
				MTL_ENABLE_DEBUG_INFO = NO;
				MTL_FAST_MATH = YES;
				SDKROOT = iphoneos;
				SWIFT_COMPILATION_MODE = wholemodule;
				VALIDATE_PRODUCT = YES;
			};
			name = Release;
		};
		EB30952A2BB01AD300EE7893 /* Debug */ = {
			isa = XCBuildConfiguration;
			buildSettings = {
				ASSETCATALOG_COMPILER_APPICON_NAME = AppIcon;
				ASSETCATALOG_COMPILER_GLOBAL_ACCENT_COLOR_NAME = AccentColor;
				CODE_SIGN_STYLE = Automatic;
				CURRENT_PROJECT_VERSION = 1;
				DEVELOPMENT_TEAM = 3MGJP6RG7D;
				GENERATE_INFOPLIST_FILE = YES;
				INFOPLIST_FILE = DictionaryApp/Info.plist;
				INFOPLIST_KEY_UIApplicationSupportsIndirectInputEvents = YES;
				INFOPLIST_KEY_UILaunchStoryboardName = LaunchScreen;
				INFOPLIST_KEY_UIMainStoryboardFile = Main;
				INFOPLIST_KEY_UISupportedInterfaceOrientations_iPad = "UIInterfaceOrientationPortrait UIInterfaceOrientationPortraitUpsideDown UIInterfaceOrientationLandscapeLeft UIInterfaceOrientationLandscapeRight";
				INFOPLIST_KEY_UISupportedInterfaceOrientations_iPhone = "UIInterfaceOrientationPortrait UIInterfaceOrientationLandscapeLeft UIInterfaceOrientationLandscapeRight";
				LD_RUNPATH_SEARCH_PATHS = (
					"$(inherited)",
					"@executable_path/Frameworks",
				);
				MARKETING_VERSION = 1.0;
				PRODUCT_BUNDLE_IDENTIFIER = "https---github.com-roudYStorm.DictionaryApp";
				PRODUCT_NAME = "$(TARGET_NAME)";
				SWIFT_EMIT_LOC_STRINGS = YES;
				SWIFT_VERSION = 5.0;
				TARGETED_DEVICE_FAMILY = "1,2";
			};
			name = Debug;
		};
		EB30952B2BB01AD300EE7893 /* Release */ = {
			isa = XCBuildConfiguration;
			buildSettings = {
				ASSETCATALOG_COMPILER_APPICON_NAME = AppIcon;
				ASSETCATALOG_COMPILER_GLOBAL_ACCENT_COLOR_NAME = AccentColor;
				CODE_SIGN_STYLE = Automatic;
				CURRENT_PROJECT_VERSION = 1;
				DEVELOPMENT_TEAM = 3MGJP6RG7D;
				GENERATE_INFOPLIST_FILE = YES;
				INFOPLIST_FILE = DictionaryApp/Info.plist;
				INFOPLIST_KEY_UIApplicationSupportsIndirectInputEvents = YES;
				INFOPLIST_KEY_UILaunchStoryboardName = LaunchScreen;
				INFOPLIST_KEY_UIMainStoryboardFile = Main;
				INFOPLIST_KEY_UISupportedInterfaceOrientations_iPad = "UIInterfaceOrientationPortrait UIInterfaceOrientationPortraitUpsideDown UIInterfaceOrientationLandscapeLeft UIInterfaceOrientationLandscapeRight";
				INFOPLIST_KEY_UISupportedInterfaceOrientations_iPhone = "UIInterfaceOrientationPortrait UIInterfaceOrientationLandscapeLeft UIInterfaceOrientationLandscapeRight";
				LD_RUNPATH_SEARCH_PATHS = (
					"$(inherited)",
					"@executable_path/Frameworks",
				);
				MARKETING_VERSION = 1.0;
				PRODUCT_BUNDLE_IDENTIFIER = "https---github.com-roudYStorm.DictionaryApp";
				PRODUCT_NAME = "$(TARGET_NAME)";
				SWIFT_EMIT_LOC_STRINGS = YES;
				SWIFT_VERSION = 5.0;
				TARGETED_DEVICE_FAMILY = "1,2";
			};
			name = Release;
		};
		EB30952D2BB01AD300EE7893 /* Debug */ = {
			isa = XCBuildConfiguration;
			buildSettings = {
				ALWAYS_EMBED_SWIFT_STANDARD_LIBRARIES = YES;
				BUNDLE_LOADER = "$(TEST_HOST)";
				CODE_SIGN_STYLE = Automatic;
				CURRENT_PROJECT_VERSION = 1;
				DEVELOPMENT_TEAM = 3MGJP6RG7D;
				GENERATE_INFOPLIST_FILE = YES;
				IPHONEOS_DEPLOYMENT_TARGET = 17.0;
				MARKETING_VERSION = 1.0;
				PRODUCT_BUNDLE_IDENTIFIER = "https---github.com-roudYStorm.DictionaryAppTests";
				PRODUCT_NAME = "$(TARGET_NAME)";
				SWIFT_EMIT_LOC_STRINGS = NO;
				SWIFT_VERSION = 5.0;
				TARGETED_DEVICE_FAMILY = "1,2";
				TEST_HOST = "$(BUILT_PRODUCTS_DIR)/DictionaryApp.app/$(BUNDLE_EXECUTABLE_FOLDER_PATH)/DictionaryApp";
			};
			name = Debug;
		};
		EB30952E2BB01AD300EE7893 /* Release */ = {
			isa = XCBuildConfiguration;
			buildSettings = {
				ALWAYS_EMBED_SWIFT_STANDARD_LIBRARIES = YES;
				BUNDLE_LOADER = "$(TEST_HOST)";
				CODE_SIGN_STYLE = Automatic;
				CURRENT_PROJECT_VERSION = 1;
				DEVELOPMENT_TEAM = 3MGJP6RG7D;
				GENERATE_INFOPLIST_FILE = YES;
				IPHONEOS_DEPLOYMENT_TARGET = 17.0;
				MARKETING_VERSION = 1.0;
				PRODUCT_BUNDLE_IDENTIFIER = "https---github.com-roudYStorm.DictionaryAppTests";
				PRODUCT_NAME = "$(TARGET_NAME)";
				SWIFT_EMIT_LOC_STRINGS = NO;
				SWIFT_VERSION = 5.0;
				TARGETED_DEVICE_FAMILY = "1,2";
				TEST_HOST = "$(BUILT_PRODUCTS_DIR)/DictionaryApp.app/$(BUNDLE_EXECUTABLE_FOLDER_PATH)/DictionaryApp";
			};
			name = Release;
		};
		EB3095302BB01AD300EE7893 /* Debug */ = {
			isa = XCBuildConfiguration;
			buildSettings = {
				ALWAYS_EMBED_SWIFT_STANDARD_LIBRARIES = YES;
				CODE_SIGN_STYLE = Automatic;
				CURRENT_PROJECT_VERSION = 1;
				DEVELOPMENT_TEAM = 3MGJP6RG7D;
				GENERATE_INFOPLIST_FILE = YES;
				MARKETING_VERSION = 1.0;
				PRODUCT_BUNDLE_IDENTIFIER = "https---github.com-roudYStorm.DictionaryAppUITests";
				PRODUCT_NAME = "$(TARGET_NAME)";
				SWIFT_EMIT_LOC_STRINGS = NO;
				SWIFT_VERSION = 5.0;
				TARGETED_DEVICE_FAMILY = "1,2";
				TEST_TARGET_NAME = DictionaryApp;
			};
			name = Debug;
		};
		EB3095312BB01AD300EE7893 /* Release */ = {
			isa = XCBuildConfiguration;
			buildSettings = {
				ALWAYS_EMBED_SWIFT_STANDARD_LIBRARIES = YES;
				CODE_SIGN_STYLE = Automatic;
				CURRENT_PROJECT_VERSION = 1;
				DEVELOPMENT_TEAM = 3MGJP6RG7D;
				GENERATE_INFOPLIST_FILE = YES;
				MARKETING_VERSION = 1.0;
				PRODUCT_BUNDLE_IDENTIFIER = "https---github.com-roudYStorm.DictionaryAppUITests";
				PRODUCT_NAME = "$(TARGET_NAME)";
				SWIFT_EMIT_LOC_STRINGS = NO;
				SWIFT_VERSION = 5.0;
				TARGETED_DEVICE_FAMILY = "1,2";
				TEST_TARGET_NAME = DictionaryApp;
			};
			name = Release;
		};
/* End XCBuildConfiguration section */

/* Begin XCConfigurationList section */
		EB3094FA2BB01AD200EE7893 /* Build configuration list for PBXProject "DictionaryApp" */ = {
			isa = XCConfigurationList;
			buildConfigurations = (
				EB3095272BB01AD300EE7893 /* Debug */,
				EB3095282BB01AD300EE7893 /* Release */,
			);
			defaultConfigurationIsVisible = 0;
			defaultConfigurationName = Release;
		};
		EB3095292BB01AD300EE7893 /* Build configuration list for PBXNativeTarget "DictionaryApp" */ = {
			isa = XCConfigurationList;
			buildConfigurations = (
				EB30952A2BB01AD300EE7893 /* Debug */,
				EB30952B2BB01AD300EE7893 /* Release */,
			);
			defaultConfigurationIsVisible = 0;
			defaultConfigurationName = Release;
		};
		EB30952C2BB01AD300EE7893 /* Build configuration list for PBXNativeTarget "DictionaryAppTests" */ = {
			isa = XCConfigurationList;
			buildConfigurations = (
				EB30952D2BB01AD300EE7893 /* Debug */,
				EB30952E2BB01AD300EE7893 /* Release */,
			);
			defaultConfigurationIsVisible = 0;
			defaultConfigurationName = Release;
		};
		EB30952F2BB01AD300EE7893 /* Build configuration list for PBXNativeTarget "DictionaryAppUITests" */ = {
			isa = XCConfigurationList;
			buildConfigurations = (
				EB3095302BB01AD300EE7893 /* Debug */,
				EB3095312BB01AD300EE7893 /* Release */,
			);
			defaultConfigurationIsVisible = 0;
			defaultConfigurationName = Release;
		};
/* End XCConfigurationList section */
	};
	rootObject = EB3094F72BB01AD100EE7893 /* Project object */;
}
